
Microsoft Visual Studio Solution File, Format Version 12.00
# Visual Studio 15
VisualStudioVersion = 15.0.28307.329
MinimumVisualStudioVersion = 10.0.40219.1
Project("{FAE04EC0-301F-11D3-BF4B-00C04F79EFBC}") = "CursiveDotNetRuntime", "CursiveDotNetRuntime\CursiveDotNetRuntime.csproj", "{6ED0D623-A1A2-482D-AC5E-BE3A05622CA9}"
EndProject
Project("{FAE04EC0-301F-11D3-BF4B-00C04F79EFBC}") = "Tests", "Tests\Tests.csproj", "{418863E0-B6A5-4BAE-97D5-34EAFEB2BBD4}"
EndProject
Global
	GlobalSection(SolutionConfigurationPlatforms) = preSolution
		Debug|Any CPU = Debug|Any CPU
		Release|Any CPU = Release|Any CPU
	EndGlobalSection
	GlobalSection(ProjectConfigurationPlatforms) = postSolution
		{6ED0D623-A1A2-482D-AC5E-BE3A05622CA9}.Debug|Any CPU.ActiveCfg = Debug|Any CPU
		{6ED0D623-A1A2-482D-AC5E-BE3A05622CA9}.Debug|Any CPU.Build.0 = Debug|Any CPU
		{6ED0D623-A1A2-482D-AC5E-BE3A05622CA9}.Release|Any CPU.ActiveCfg = Release|Any CPU
		{6ED0D623-A1A2-482D-AC5E-BE3A05622CA9}.Release|Any CPU.Build.0 = Release|Any CPU
		{418863E0-B6A5-4BAE-97D5-34EAFEB2BBD4}.Debug|Any CPU.ActiveCfg = Debug|Any CPU
		{418863E0-B6A5-4BAE-97D5-34EAFEB2BBD4}.Debug|Any CPU.Build.0 = Debug|Any CPU
		{418863E0-B6A5-4BAE-97D5-34EAFEB2BBD4}.Release|Any CPU.ActiveCfg = Release|Any CPU
		{418863E0-B6A5-4BAE-97D5-34EAFEB2BBD4}.Release|Any CPU.Build.0 = Release|Any CPU
	EndGlobalSection
	GlobalSection(SolutionProperties) = preSolution
		HideSolutionNode = FALSE
	EndGlobalSection
	GlobalSection(ExtensibilityGlobals) = postSolution
		SolutionGuid = {3BF1BDBE-7E10-4F73-A33E-F4A82990E5FA}
	EndGlobalSection
EndGlobal
