
Microsoft Visual Studio Solution File, Format Version 12.00
# Visual Studio 14
VisualStudioVersion = 14.0.25123.0
MinimumVisualStudioVersion = 10.0.40219.1
Project("{FAE04EC0-301F-11D3-BF4B-00C04F79EFBC}") = "GrIPE", "GrIPE\GrIPE.csproj", "{8F1B518E-016A-4CE2-AE0A-BA41ECBF5610}"
EndProject
Project("{FAE04EC0-301F-11D3-BF4B-00C04F79EFBC}") = "GripeTest", "GripeTest\GripeTest.csproj", "{4B6105C2-B877-41DE-97A7-B3B0EB5572EA}"
EndProject
Global
	GlobalSection(SolutionConfigurationPlatforms) = preSolution
		Debug|Any CPU = Debug|Any CPU
		Release|Any CPU = Release|Any CPU
	EndGlobalSection
	GlobalSection(ProjectConfigurationPlatforms) = postSolution
		{8F1B518E-016A-4CE2-AE0A-BA41ECBF5610}.Debug|Any CPU.ActiveCfg = Debug|Any CPU
		{8F1B518E-016A-4CE2-AE0A-BA41ECBF5610}.Debug|Any CPU.Build.0 = Debug|Any CPU
		{8F1B518E-016A-4CE2-AE0A-BA41ECBF5610}.Release|Any CPU.ActiveCfg = Release|Any CPU
		{8F1B518E-016A-4CE2-AE0A-BA41ECBF5610}.Release|Any CPU.Build.0 = Release|Any CPU
		{4B6105C2-B877-41DE-97A7-B3B0EB5572EA}.Debug|Any CPU.ActiveCfg = Debug|Any CPU
		{4B6105C2-B877-41DE-97A7-B3B0EB5572EA}.Debug|Any CPU.Build.0 = Debug|Any CPU
		{4B6105C2-B877-41DE-97A7-B3B0EB5572EA}.Release|Any CPU.ActiveCfg = Release|Any CPU
		{4B6105C2-B877-41DE-97A7-B3B0EB5572EA}.Release|Any CPU.Build.0 = Release|Any CPU
	EndGlobalSection
	GlobalSection(SolutionProperties) = preSolution
		HideSolutionNode = FALSE
	EndGlobalSection
EndGlobal
